{
	"name": "xlsx",
	"version": "0.8.20",
	"lockfileVersion": 1,
	"dependencies": {
		"adler-32": {
			"version": "0.2.1",
			"resolved": "https://registry.npmjs.org/adler-32/-/adler-32-0.2.1.tgz",
			"integrity": "sha1-GqRqmWEIloj7iOJULxEvyCzdZJY="
		},
		"align-text": {
			"version": "0.1.4",
			"resolved": "https://registry.npmjs.org/align-text/-/align-text-0.1.4.tgz",
			"integrity": "sha1-DNkKVhCT810KmSVsIrcGlDP60Rc=",
			"dev": true
		},
		"camelcase": {
			"version": "1.2.1",
			"resolved": "https://registry.npmjs.org/camelcase/-/camelcase-1.2.1.tgz",
			"integrity": "sha1-m7UwTS4LVmmLLHWLCKPqqdqlijk=",
			"dev": true
		},
		"center-align": {
			"version": "0.1.3",
			"resolved": "https://registry.npmjs.org/center-align/-/center-align-0.1.3.tgz",
			"integrity": "sha1-qg0yYptu6XIgBBHL1EYckHvCt60=",
			"dev": true
		},
		"cfb": {
			"version": "0.10.3",
			"resolved": "https://registry.npmjs.org/cfb/-/cfb-0.10.3.tgz",
			"integrity": "sha1-OwvnFR0JugKIlKol+OuD8Nu+itk="
		},
		"cliui": {
			"version": "2.1.0",
			"resolved": "https://registry.npmjs.org/cliui/-/cliui-2.1.0.tgz",
			"integrity": "sha1-S0dXYP+AJkx2LDoXGQMukcf+oNE=",
			"dev": true,
			"dependencies": {
				"wordwrap": {
					"version": "0.0.2",
					"resolved": "https://registry.npmjs.org/wordwrap/-/wordwrap-0.0.2.tgz",
					"integrity": "sha1-t5Zpu0LstAn4PVg8rVLKF+qhZD8=",
					"dev": true
				}
			}
		},
		"codepage": {
			"version": "1.3.8",
			"resolved": "https://registry.npmjs.org/codepage/-/codepage-1.3.8.tgz",
			"integrity": "sha1-Ty5dfAl13ij4hJgFjcta/KtqX3E=",
			"dependencies": {
				"concat-stream": {
					"version": "1.4.7",
					"resolved": "https://registry.npmjs.org/concat-stream/-/concat-stream-1.4.7.tgz",
					"integrity": "sha1-DOqke4elgdKnp4K5K4HVAgw/mSU=",
					"dependencies": {
						"readable-stream": {
							"version": "1.1.13",
							"resolved": "https://registry.npmjs.org/readable-stream/-/readable-stream-1.1.13.tgz",
							"integrity": "sha1-9u73ZPUUyJ4rniMUanW6EGdW0j4=",
							"dependencies": {
								"isarray": {
									"version": "0.0.1",
									"resolved": "https://registry.npmjs.org/isarray/-/isarray-0.0.1.tgz",
									"integrity": "sha1-ihis/Kmo9Bd+Cav8YDiTmwXR7t8="
								},
								"string_decoder": {
									"version": "0.10.31",
									"resolved": "https://registry.npmjs.org/string_decoder/-/string_decoder-0.10.31.tgz",
									"integrity": "sha1-YuIDvEF2bGwoyfyEMB2rHFMQ+pQ="
								}
							}
						},
						"typedarray": {
							"version": "0.0.6",
							"resolved": "https://registry.npmjs.org/typedarray/-/typedarray-0.0.6.tgz",
							"integrity": "sha1-hnrHTjhkGHsdPUfZlqeOxciDB3c="
						}
					}
				},
				"voc": {
					"version": "0.5.0",
					"resolved": "https://registry.npmjs.org/voc/-/voc-0.5.0.tgz",
					"integrity": "sha1-vmynx25KV9kwzID2sx+9gMqGBFw="
				}
			}
		},
		"commander": {
			"version": "2.6.0",
			"resolved": "https://registry.npmjs.org/commander/-/commander-2.6.0.tgz",
			"integrity": "sha1-nfflL7Kgyw+4kFjugMMQQiXzfh0="
		},
		"core-util-is": {
			"version": "1.0.2",
			"resolved": "https://registry.npmjs.org/core-util-is/-/core-util-is-1.0.2.tgz",
			"integrity": "sha1-tf1UIgqivFq1eqtxQMlAdUUDwac="
		},
		"crc-32": {
			"version": "0.2.2",
			"resolved": "https://registry.npmjs.org/crc-32/-/crc-32-0.2.2.tgz",
			"integrity": "sha1-9EBWigxqRfDuu7V8M7FWAV9PBLY="
		},
		"decamelize": {
			"version": "1.2.0",
			"resolved": "https://registry.npmjs.org/decamelize/-/decamelize-1.2.0.tgz",
			"integrity": "sha1-9lNNFRSCabIDUue+4m9QH5oZEpA=",
			"dev": true
		},
		"inherits": {
			"version": "2.0.3",
			"resolved": "https://registry.npmjs.org/inherits/-/inherits-2.0.3.tgz",
			"integrity": "sha1-Yzwsg+PaQqUC9SRmAiSA9CCCYd4="
		},
		"is-buffer": {
			"version": "1.1.6",
			"resolved": "https://registry.npmjs.org/is-buffer/-/is-buffer-1.1.6.tgz",
			"integrity": "sha512-NcdALwpXkTm5Zvvbk7owOUSvVvBKDgKP5/ewfXEznmQFfs4ZRmanOeKBTjRVjka3QFoN6XJ+9F3USqfHqTaU5w==",
			"dev": true
		},
		"jszip": {
			"version": "2.4.0",
			"resolved": "https://registry.npmjs.org/jszip/-/jszip-2.4.0.tgz",
			"integrity": "sha1-SHqTt2w7/6bLCFzWHrk06r4tKU8=",
			"dependencies": {
				"pako": {
					"version": "0.2.5",
					"resolved": "https://registry.npmjs.org/pako/-/pako-0.2.5.tgz",
					"integrity": "sha1-Nt8ZRno4eRUumtzER4TwfQqAxSU="
				}
			}
		},
		"kind-of": {
			"version": "3.2.2",
			"resolved": "https://registry.npmjs.org/kind-of/-/kind-of-3.2.2.tgz",
			"integrity": "sha1-MeohpzS6ubuw8yRm2JOupR5KPGQ=",
			"dev": true
		},
		"lazy-cache": {
			"version": "1.0.4",
			"resolved": "https://registry.npmjs.org/lazy-cache/-/lazy-cache-1.0.4.tgz",
			"integrity": "sha1-odePw6UEdMuAhF07O24dpJpEbo4=",
			"dev": true
		},
		"lodash": {
			"version": "4.17.5",
			"resolved": "https://registry.npmjs.org/lodash/-/lodash-4.17.5.tgz",
			"integrity": "sha512-svL3uiZf1RwhH+cWrfZn3A4+U58wbP0tGVTLQPbjplZxZ8ROD9VLuNgsRniTlLe7OlSqR79RUehXgpBW/s0IQw==",
			"dev": true
		},
		"longest": {
			"version": "1.0.1",
			"resolved": "https://registry.npmjs.org/longest/-/longest-1.0.1.tgz",
			"integrity": "sha1-MKCy2jj3N3DoKUoNIuZiXtd9AJc=",
			"dev": true
		},
		"lru-cache": {
			"version": "2.7.3",
			"resolved": "https://registry.npmjs.org/lru-cache/-/lru-cache-2.7.3.tgz",
			"integrity": "sha1-bUUk6LlV+V1PW1iFHOId1y+06VI="
		},
		"minimatch": {
			"version": "0.2.14",
			"resolved": "https://registry.npmjs.org/minimatch/-/minimatch-0.2.14.tgz",
			"integrity": "sha1-x054BXT2PG+aCQ6Q775u9TpqdWo="
		},
		"mocha": {
			"version": "2.1.0",
			"resolved": "https://registry.npmjs.org/mocha/-/mocha-2.1.0.tgz",
			"integrity": "sha1-d3Uv5ZL7kJJ1aCevRs0+rhuDZxw=",
			"dependencies": {
				"commander": {
					"version": "2.3.0",
					"resolved": "https://registry.npmjs.org/commander/-/commander-2.3.0.tgz",
					"integrity": "sha1-/UMOiJgy7DU7ms0d4hfBHLPu+HM="
				},
				"debug": {
					"version": "2.0.0",
					"resolved": "https://registry.npmjs.org/debug/-/debug-2.0.0.tgz",
					"integrity": "sha1-ib2d9nMrUSVrxnBTQrugLtEhMe8=",
					"dependencies": {
						"ms": {
							"version": "0.6.2",
							"resolved": "https://registry.npmjs.org/ms/-/ms-0.6.2.tgz",
							"integrity": "sha1-2JwhJMb9wTU9Zai3e/GqxLGTcIw="
						}
					}
				},
				"diff": {
					"version": "1.0.8",
					"resolved": "https://registry.npmjs.org/diff/-/diff-1.0.8.tgz",
					"integrity": "sha1-NDJ2MI7Jkbe8giZ+1VvBQR+XFmY="
				},
				"escape-string-regexp": {
					"version": "1.0.2",
					"resolved": "https://registry.npmjs.org/escape-string-regexp/-/escape-string-regexp-1.0.2.tgz",
					"integrity": "sha1-Tbwv5nTnGUnK8/smlc5/LcHZqNE="
				},
				"glob": {
					"version": "3.2.3",
					"resolved": "https://registry.npmjs.org/glob/-/glob-3.2.3.tgz",
					"integrity": "sha1-4xPusknHr/qlxHUoaw4RW1mDlGc=",
					"dependencies": {
						"graceful-fs": {
							"version": "2.0.3",
							"resolved": "https://registry.npmjs.org/graceful-fs/-/graceful-fs-2.0.3.tgz",
							"integrity": "sha1-fNLNsiiko/Nule+mzBQt59GhNtA="
						}
					}
				},
				"growl": {
					"version": "1.8.1",
					"resolved": "https://registry.npmjs.org/growl/-/growl-1.8.1.tgz",
					"integrity": "sha1-Sy3sjZB+k9szZiTc7AGDUC+MlCg="
				},
				"jade": {
					"version": "0.26.3",
					"resolved": "https://registry.npmjs.org/jade/-/jade-0.26.3.tgz",
					"integrity": "sha1-jxDXl32NefL2/4YqgbBRPMslaGw=",
					"dependencies": {
						"commander": {
							"version": "0.6.1",
							"resolved": "https://registry.npmjs.org/commander/-/commander-0.6.1.tgz",
							"integrity": "sha1-+mihT2qUXVTbvlDYzbMyDp47GgY="
						},
						"mkdirp": {
							"version": "0.3.0",
							"resolved": "https://registry.npmjs.org/mkdirp/-/mkdirp-0.3.0.tgz",
							"integrity": "sha1-G79asbqCevI1dRQ0kEJkVfSB/h4="
						}
					}
				},
				"mkdirp": {
					"version": "0.5.0",
					"resolved": "https://registry.npmjs.org/mkdirp/-/mkdirp-0.5.0.tgz",
					"integrity": "sha1-HXMHam35hs2TROFecfzAWkyavxI=",
					"dependencies": {
						"minimist": {
							"version": "0.0.8",
							"resolved": "https://registry.npmjs.org/minimist/-/minimist-0.0.8.tgz",
							"integrity": "sha1-hX/Kv8M5fSYluCKCYuhqp6ARsF0="
						}
					}
				}
			}
		},
		"repeat-string": {
			"version": "1.6.1",
			"resolved": "https://registry.npmjs.org/repeat-string/-/repeat-string-1.6.1.tgz",
			"integrity": "sha1-jcrkcOHIirwtYA//Sndihtp15jc=",
			"dev": true
		},
		"right-align": {
			"version": "0.1.3",
			"resolved": "https://registry.npmjs.org/right-align/-/right-align-0.1.3.tgz",
			"integrity": "sha1-YTObci/mo1FWiSENJOFMlhSGE+8=",
			"dev": true
		},
		"sigmund": {
			"version": "1.0.1",
			"resolved": "https://registry.npmjs.org/sigmund/-/sigmund-1.0.1.tgz",
			"integrity": "sha1-P/IfGYytIXX587eBhT/ZTQ0ZtZA="
		},
		"source-map": {
			"version": "0.5.7",
			"resolved": "https://registry.npmjs.org/source-map/-/source-map-0.5.7.tgz",
			"integrity": "sha1-igOdLRAh0i0eoUyA2OpGi6LvP8w=",
			"dev": true
		},
		"ssf": {
			"version": "0.8.2",
			"resolved": "https://registry.npmjs.org/ssf/-/ssf-0.8.2.tgz",
			"integrity": "sha1-udTcahwbz3b4q/qW19dlb7Kr7NY=",
			"dependencies": {
				"colors": {
					"version": "0.6.2",
					"resolved": "https://registry.npmjs.org/colors/-/colors-0.6.2.tgz",
					"integrity": "sha1-JCP+ZnisDF2uiFLl0OW+CMmXq8w="
				},
				"frac": {
					"version": "0.3.1",
					"resolved": "https://registry.npmjs.org/frac/-/frac-0.3.1.tgz",
					"integrity": "sha1-V3Z3t/3L5vr3xGHxgB00E3zaQ1Q="
				},
				"voc": {
					"version": "0.5.0",
					"resolved": "https://registry.npmjs.org/voc/-/voc-0.5.0.tgz",
					"integrity": "sha1-vmynx25KV9kwzID2sx+9gMqGBFw="
				}
			}
		},
		"uglify-js": {
			"version": "2.8.29",
			"resolved": "https://registry.npmjs.org/uglify-js/-/uglify-js-2.8.29.tgz",
			"integrity": "sha1-KcVzMUgFe7Th913zW3qcty5qWd0=",
			"dev": true
		},
		"uglify-to-browserify": {
			"version": "1.0.2",
			"resolved": "https://registry.npmjs.org/uglify-to-browserify/-/uglify-to-browserify-1.0.2.tgz",
			"integrity": "sha1-bgkk1r2mta/jSeOabWMoUKD4grc=",
			"dev": true,
			"optional": true
		},
		"window-size": {
			"version": "0.1.0",
			"resolved": "https://registry.npmjs.org/window-size/-/window-size-0.1.0.tgz",
			"integrity": "sha1-VDjNLqk7IC76Ohn+iIeu58lPnJ0=",
			"dev": true
		},
		"xlsjs": {
			"version": "0.7.5",
			"resolved": "https://registry.npmjs.org/xlsjs/-/xlsjs-0.7.5.tgz",
			"integrity": "sha1-jqJH1WPGAmpto0LQRZHbqdGGFX0="
		},
		"yargs": {
			"version": "3.10.0",
			"resolved": "http://registry.npmjs.org/yargs/-/yargs-3.10.0.tgz",
			"integrity": "sha1-9+572FfdfB0tOMDnTvvWgdFDH9E=",
			"dev": true
		}
	}
}
